
Microsoft Visual Studio Solution File, Format Version 12.00
# Visual Studio 2013
VisualStudioVersion = 12.0.30723.0
MinimumVisualStudioVersion = 10.0.40219.1
Project("{FAE04EC0-301F-11D3-BF4B-00C04F79EFBC}") = "CFF", "CFF\CFF.csproj", "{01D6D533-3E28-40AF-8BDE-207A88621C00}"
EndProject
Project("{FAE04EC0-301F-11D3-BF4B-00C04F79EFBC}") = "CFF.Tests", "CFF.Tests\CFF.Tests.csproj", "{AA6E6466-8ECF-4EE0-BFFC-E317D6FD8C8C}"
EndProject
Global
	GlobalSection(SolutionConfigurationPlatforms) = preSolution
		Debug|Any CPU = Debug|Any CPU
		Release|Any CPU = Release|Any CPU
	EndGlobalSection
	GlobalSection(ProjectConfigurationPlatforms) = postSolution
		{01D6D533-3E28-40AF-8BDE-207A88621C00}.Debug|Any CPU.ActiveCfg = Debug|Any CPU
		{01D6D533-3E28-40AF-8BDE-207A88621C00}.Debug|Any CPU.Build.0 = Debug|Any CPU
		{01D6D533-3E28-40AF-8BDE-207A88621C00}.Release|Any CPU.ActiveCfg = Release|Any CPU
		{01D6D533-3E28-40AF-8BDE-207A88621C00}.Release|Any CPU.Build.0 = Release|Any CPU
		{AA6E6466-8ECF-4EE0-BFFC-E317D6FD8C8C}.Debug|Any CPU.ActiveCfg = Debug|Any CPU
		{AA6E6466-8ECF-4EE0-BFFC-E317D6FD8C8C}.Debug|Any CPU.Build.0 = Debug|Any CPU
		{AA6E6466-8ECF-4EE0-BFFC-E317D6FD8C8C}.Release|Any CPU.ActiveCfg = Release|Any CPU
		{AA6E6466-8ECF-4EE0-BFFC-E317D6FD8C8C}.Release|Any CPU.Build.0 = Release|Any CPU
	EndGlobalSection
	GlobalSection(SolutionProperties) = preSolution
		HideSolutionNode = FALSE
	EndGlobalSection
EndGlobal
